// !$*UTF8*$!
{
	archiveVersion = 1;
	classes = {
	};
	objectVersion = 50;
	objects = {

/* Begin PBXBuildFile section */
		D10DF8A725D5BE34004EAADF /* InformationView.swift in Sources */ = {isa = PBXBuildFile; fileRef = D10DF8A625D5BE34004EAADF /* InformationView.swift */; };
		D113C5DE25D740DF004DD491 /* UITabBarController.swift in Sources */ = {isa = PBXBuildFile; fileRef = D113C5DD25D740DF004DD491 /* UITabBarController.swift */; };
		D127A1BE25D9B7B4008B65A5 /* ImageCacheManager.swift in Sources */ = {isa = PBXBuildFile; fileRef = D127A1BD25D9B7B4008B65A5 /* ImageCacheManager.swift */; };
		D12DCBF125D181E80008CAA8 /* SearchListHeaderView.swift in Sources */ = {isa = PBXBuildFile; fileRef = D12DCBF025D181E80008CAA8 /* SearchListHeaderView.swift */; };
		D12DCBF425D182020008CAA8 /* SearchListHeaderView.xib in Resources */ = {isa = PBXBuildFile; fileRef = D12DCBF325D182020008CAA8 /* SearchListHeaderView.xib */; };
		D12DCC2625D285E90008CAA8 /* NetworkManager.swift in Sources */ = {isa = PBXBuildFile; fileRef = D12DCC2525D285E90008CAA8 /* NetworkManager.swift */; };
		D12DCC2925D28C4C0008CAA8 /* Photo.swift in Sources */ = {isa = PBXBuildFile; fileRef = D12DCC2825D28C4C0008CAA8 /* Photo.swift */; };
		D12DCC2C25D28C700008CAA8 /* PhotoInfo.swift in Sources */ = {isa = PBXBuildFile; fileRef = D12DCC2B25D28C700008CAA8 /* PhotoInfo.swift */; };
		D12DCC3025D2B07A0008CAA8 /* PhotoCell.swift in Sources */ = {isa = PBXBuildFile; fileRef = D12DCC2E25D2B07A0008CAA8 /* PhotoCell.swift */; };
		D12DCC3125D2B07A0008CAA8 /* PhotoCell.xib in Resources */ = {isa = PBXBuildFile; fileRef = D12DCC2F25D2B07A0008CAA8 /* PhotoCell.xib */; };
		D12DCC3525D3053F0008CAA8 /* UIColor.swift in Sources */ = {isa = PBXBuildFile; fileRef = D12DCC3425D3053F0008CAA8 /* UIColor.swift */; };
		D12DCC4725D3DCC90008CAA8 /* PhotoDetailViewController.swift in Sources */ = {isa = PBXBuildFile; fileRef = D12DCC4625D3DCC90008CAA8 /* PhotoDetailViewController.swift */; };
		D142DC4225D5431C00025FA5 /* PhotoDetailViewCell.swift in Sources */ = {isa = PBXBuildFile; fileRef = D142DC4025D5431B00025FA5 /* PhotoDetailViewCell.swift */; };
		D142DC4325D5431C00025FA5 /* PhotoDetailViewCell.xib in Resources */ = {isa = PBXBuildFile; fileRef = D142DC4125D5431B00025FA5 /* PhotoDetailViewCell.xib */; };
		D147B9E125D10291000F3619 /* AppDelegate.swift in Sources */ = {isa = PBXBuildFile; fileRef = D147B9E025D10291000F3619 /* AppDelegate.swift */; };
		D147B9E825D10291000F3619 /* Main.storyboard in Resources */ = {isa = PBXBuildFile; fileRef = D147B9E625D10291000F3619 /* Main.storyboard */; };
		D147B9EA25D10298000F3619 /* Assets.xcassets in Resources */ = {isa = PBXBuildFile; fileRef = D147B9E925D10298000F3619 /* Assets.xcassets */; };
		D147B9ED25D10298000F3619 /* LaunchScreen.storyboard in Resources */ = {isa = PBXBuildFile; fileRef = D147B9EB25D10298000F3619 /* LaunchScreen.storyboard */; };
		D147B9F925D1092D000F3619 /* SearchViewController.swift in Sources */ = {isa = PBXBuildFile; fileRef = D147B9F825D1092D000F3619 /* SearchViewController.swift */; };
		D147B9FC25D10993000F3619 /* PhotoListViewController.swift in Sources */ = {isa = PBXBuildFile; fileRef = D147B9FB25D10992000F3619 /* PhotoListViewController.swift */; };
/* End PBXBuildFile section */

/* Begin PBXFileReference section */
		D10DF8A625D5BE34004EAADF /* InformationView.swift */ = {isa = PBXFileReference; lastKnownFileType = sourcecode.swift; path = InformationView.swift; sourceTree = "<group>"; };
		D113C5DD25D740DF004DD491 /* UITabBarController.swift */ = {isa = PBXFileReference; lastKnownFileType = sourcecode.swift; path = UITabBarController.swift; sourceTree = "<group>"; };
		D127A1BD25D9B7B4008B65A5 /* ImageCacheManager.swift */ = {isa = PBXFileReference; lastKnownFileType = sourcecode.swift; path = ImageCacheManager.swift; sourceTree = "<group>"; };
		D12DCBF025D181E80008CAA8 /* SearchListHeaderView.swift */ = {isa = PBXFileReference; lastKnownFileType = sourcecode.swift; path = SearchListHeaderView.swift; sourceTree = "<group>"; };
		D12DCBF325D182020008CAA8 /* SearchListHeaderView.xib */ = {isa = PBXFileReference; lastKnownFileType = file.xib; path = SearchListHeaderView.xib; sourceTree = "<group>"; };
		D12DCC2525D285E90008CAA8 /* NetworkManager.swift */ = {isa = PBXFileReference; lastKnownFileType = sourcecode.swift; path = NetworkManager.swift; sourceTree = "<group>"; };
		D12DCC2825D28C4C0008CAA8 /* Photo.swift */ = {isa = PBXFileReference; lastKnownFileType = sourcecode.swift; path = Photo.swift; sourceTree = "<group>"; };
		D12DCC2B25D28C700008CAA8 /* PhotoInfo.swift */ = {isa = PBXFileReference; lastKnownFileType = sourcecode.swift; path = PhotoInfo.swift; sourceTree = "<group>"; };
		D12DCC2E25D2B07A0008CAA8 /* PhotoCell.swift */ = {isa = PBXFileReference; lastKnownFileType = sourcecode.swift; path = PhotoCell.swift; sourceTree = "<group>"; };
		D12DCC2F25D2B07A0008CAA8 /* PhotoCell.xib */ = {isa = PBXFileReference; lastKnownFileType = file.xib; path = PhotoCell.xib; sourceTree = "<group>"; };
		D12DCC3425D3053F0008CAA8 /* UIColor.swift */ = {isa = PBXFileReference; lastKnownFileType = sourcecode.swift; path = UIColor.swift; sourceTree = "<group>"; };
		D12DCC4625D3DCC90008CAA8 /* PhotoDetailViewController.swift */ = {isa = PBXFileReference; lastKnownFileType = sourcecode.swift; path = PhotoDetailViewController.swift; sourceTree = "<group>"; };
		D142DC4025D5431B00025FA5 /* PhotoDetailViewCell.swift */ = {isa = PBXFileReference; lastKnownFileType = sourcecode.swift; path = PhotoDetailViewCell.swift; sourceTree = "<group>"; };
		D142DC4125D5431B00025FA5 /* PhotoDetailViewCell.xib */ = {isa = PBXFileReference; lastKnownFileType = file.xib; path = PhotoDetailViewCell.xib; sourceTree = "<group>"; };
		D147B9DD25D10291000F3619 /* Unsplash.app */ = {isa = PBXFileReference; explicitFileType = wrapper.application; includeInIndex = 0; path = Unsplash.app; sourceTree = BUILT_PRODUCTS_DIR; };
		D147B9E025D10291000F3619 /* AppDelegate.swift */ = {isa = PBXFileReference; lastKnownFileType = sourcecode.swift; path = AppDelegate.swift; sourceTree = "<group>"; };
		D147B9E725D10291000F3619 /* Base */ = {isa = PBXFileReference; lastKnownFileType = file.storyboard; name = Base; path = Base.lproj/Main.storyboard; sourceTree = "<group>"; };
		D147B9E925D10298000F3619 /* Assets.xcassets */ = {isa = PBXFileReference; lastKnownFileType = folder.assetcatalog; path = Assets.xcassets; sourceTree = "<group>"; };
		D147B9EC25D10298000F3619 /* Base */ = {isa = PBXFileReference; lastKnownFileType = file.storyboard; name = Base; path = Base.lproj/LaunchScreen.storyboard; sourceTree = "<group>"; };
		D147B9EE25D10298000F3619 /* Info.plist */ = {isa = PBXFileReference; lastKnownFileType = text.plist.xml; path = Info.plist; sourceTree = "<group>"; };
		D147B9F825D1092D000F3619 /* SearchViewController.swift */ = {isa = PBXFileReference; lastKnownFileType = sourcecode.swift; path = SearchViewController.swift; sourceTree = "<group>"; };
		D147B9FB25D10992000F3619 /* PhotoListViewController.swift */ = {isa = PBXFileReference; lastKnownFileType = sourcecode.swift; path = PhotoListViewController.swift; sourceTree = "<group>"; };
/* End PBXFileReference section */

/* Begin PBXFrameworksBuildPhase section */
		D147B9DA25D10291000F3619 /* Frameworks */ = {
			isa = PBXFrameworksBuildPhase;
			buildActionMask = 2147483647;
			files = (
			);
			runOnlyForDeploymentPostprocessing = 0;
		};
/* End PBXFrameworksBuildPhase section */

/* Begin PBXGroup section */
		D127A1BC25D9B782008B65A5 /* ImageCacheManager */ = {
			isa = PBXGroup;
			children = (
				D127A1BD25D9B7B4008B65A5 /* ImageCacheManager.swift */,
			);
			path = ImageCacheManager;
			sourceTree = "<group>";
		};
		D1411C4725D99CCB00E4FE20 /* PhotoList */ = {
			isa = PBXGroup;
			children = (
				D1411C4E25D99DA500E4FE20 /* Controller */,
				D1411C4F25D99DAC00E4FE20 /* View */,
			);
			path = PhotoList;
			sourceTree = "<group>";
		};
		D1411C4825D99CD800E4FE20 /* PhotoDetail */ = {
			isa = PBXGroup;
			children = (
				D1411C4C25D99D9200E4FE20 /* Controller */,
				D1411C4D25D99D9A00E4FE20 /* View */,
			);
			path = PhotoDetail;
			sourceTree = "<group>";
		};
		D1411C4925D99CFD00E4FE20 /* Search */ = {
			isa = PBXGroup;
			children = (
				D1411C4A25D99D7100E4FE20 /* Controller */,
				D1411C4B25D99D8100E4FE20 /* View */,
			);
			path = Search;
			sourceTree = "<group>";
		};
		D1411C4A25D99D7100E4FE20 /* Controller */ = {
			isa = PBXGroup;
			children = (
				D147B9F825D1092D000F3619 /* SearchViewController.swift */,
			);
			path = Controller;
			sourceTree = "<group>";
		};
		D1411C4B25D99D8100E4FE20 /* View */ = {
			isa = PBXGroup;
			children = (
				D12DCBF025D181E80008CAA8 /* SearchListHeaderView.swift */,
				D12DCBF325D182020008CAA8 /* SearchListHeaderView.xib */,
			);
			path = View;
			sourceTree = "<group>";
		};
		D1411C4C25D99D9200E4FE20 /* Controller */ = {
			isa = PBXGroup;
			children = (
				D12DCC4625D3DCC90008CAA8 /* PhotoDetailViewController.swift */,
			);
			path = Controller;
			sourceTree = "<group>";
		};
		D1411C4D25D99D9A00E4FE20 /* View */ = {
			isa = PBXGroup;
			children = (
				D10DF8A625D5BE34004EAADF /* InformationView.swift */,
				D142DC4025D5431B00025FA5 /* PhotoDetailViewCell.swift */,
				D142DC4125D5431B00025FA5 /* PhotoDetailViewCell.xib */,
			);
			path = View;
			sourceTree = "<group>";
		};
		D1411C4E25D99DA500E4FE20 /* Controller */ = {
			isa = PBXGroup;
			children = (
				D147B9FB25D10992000F3619 /* PhotoListViewController.swift */,
			);
			path = Controller;
			sourceTree = "<group>";
		};
		D1411C4F25D99DAC00E4FE20 /* View */ = {
			isa = PBXGroup;
			children = (
				D12DCC2E25D2B07A0008CAA8 /* PhotoCell.swift */,
				D12DCC2F25D2B07A0008CAA8 /* PhotoCell.xib */,
			);
			path = View;
			sourceTree = "<group>";
		};
		D1411C5025D99E2B00E4FE20 /* View */ = {
			isa = PBXGroup;
			children = (
				D147B9E625D10291000F3619 /* Main.storyboard */,
				D147B9EB25D10298000F3619 /* LaunchScreen.storyboard */,
			);
			path = View;
			sourceTree = "<group>";
		};
		D147B9D425D10291000F3619 = {
			isa = PBXGroup;
			children = (
				D147B9DF25D10291000F3619 /* Unsplash */,
				D147B9DE25D10291000F3619 /* Products */,
			);
			sourceTree = "<group>";
		};
		D147B9DE25D10291000F3619 /* Products */ = {
			isa = PBXGroup;
			children = (
				D147B9DD25D10291000F3619 /* Unsplash.app */,
			);
			name = Products;
			sourceTree = "<group>";
		};
		D147B9DF25D10291000F3619 /* Unsplash */ = {
			isa = PBXGroup;
			children = (
				D147B9EE25D10298000F3619 /* Info.plist */,
				D156ADDF25D13A2D00AF47FC /* Resources */,
				D147B9FF25D122EC000F3619 /* Extensions */,
				D147B9F625D10555000F3619 /* AppDelegate */,
				D127A1BC25D9B782008B65A5 /* ImageCacheManager */,
				D156ADE025D13A3A00AF47FC /* NetworkManager */,
				D156ADE125D13A5C00AF47FC /* Models */,
				D1411C4725D99CCB00E4FE20 /* PhotoList */,
				D1411C4825D99CD800E4FE20 /* PhotoDetail */,
				D1411C4925D99CFD00E4FE20 /* Search */,
				D1411C5025D99E2B00E4FE20 /* View */,
			);
			path = Unsplash;
			sourceTree = "<group>";
		};
		D147B9F625D10555000F3619 /* AppDelegate */ = {
			isa = PBXGroup;
			children = (
				D147B9E025D10291000F3619 /* AppDelegate.swift */,
			);
			path = AppDelegate;
			sourceTree = "<group>";
		};
		D147B9FF25D122EC000F3619 /* Extensions */ = {
			isa = PBXGroup;
			children = (
				D12DCC3425D3053F0008CAA8 /* UIColor.swift */,
				D113C5DD25D740DF004DD491 /* UITabBarController.swift */,
			);
			path = Extensions;
			sourceTree = "<group>";
		};
		D156ADDF25D13A2D00AF47FC /* Resources */ = {
			isa = PBXGroup;
			children = (
				D147B9E925D10298000F3619 /* Assets.xcassets */,
			);
			path = Resources;
			sourceTree = "<group>";
		};
		D156ADE025D13A3A00AF47FC /* NetworkManager */ = {
			isa = PBXGroup;
			children = (
				D12DCC2525D285E90008CAA8 /* NetworkManager.swift */,
			);
			path = NetworkManager;
			sourceTree = "<group>";
		};
		D156ADE125D13A5C00AF47FC /* Models */ = {
			isa = PBXGroup;
			children = (
				D12DCC2825D28C4C0008CAA8 /* Photo.swift */,
				D12DCC2B25D28C700008CAA8 /* PhotoInfo.swift */,
			);
			path = Models;
			sourceTree = "<group>";
		};
/* End PBXGroup section */

/* Begin PBXNativeTarget section */
		D147B9DC25D10291000F3619 /* Unsplash */ = {
			isa = PBXNativeTarget;
			buildConfigurationList = D147B9F125D10298000F3619 /* Build configuration list for PBXNativeTarget "Unsplash" */;
			buildPhases = (
				D147B9D925D10291000F3619 /* Sources */,
				D147B9DA25D10291000F3619 /* Frameworks */,
				D147B9DB25D10291000F3619 /* Resources */,
			);
			buildRules = (
			);
			dependencies = (
			);
			name = Unsplash;
			productName = Unsplash;
			productReference = D147B9DD25D10291000F3619 /* Unsplash.app */;
			productType = "com.apple.product-type.application";
		};
/* End PBXNativeTarget section */

/* Begin PBXProject section */
		D147B9D525D10291000F3619 /* Project object */ = {
			isa = PBXProject;
			attributes = {
				LastSwiftUpdateCheck = 1220;
				LastUpgradeCheck = 1220;
				TargetAttributes = {
					D147B9DC25D10291000F3619 = {
						CreatedOnToolsVersion = 12.2;
					};
				};
			};
			buildConfigurationList = D147B9D825D10291000F3619 /* Build configuration list for PBXProject "Unsplash" */;
			compatibilityVersion = "Xcode 9.3";
			developmentRegion = en;
			hasScannedForEncodings = 0;
			knownRegions = (
				en,
				Base,
			);
			mainGroup = D147B9D425D10291000F3619;
			productRefGroup = D147B9DE25D10291000F3619 /* Products */;
			projectDirPath = "";
			projectRoot = "";
			targets = (
				D147B9DC25D10291000F3619 /* Unsplash */,
			);
		};
/* End PBXProject section */

/* Begin PBXResourcesBuildPhase section */
		D147B9DB25D10291000F3619 /* Resources */ = {
			isa = PBXResourcesBuildPhase;
			buildActionMask = 2147483647;
			files = (
				D147B9ED25D10298000F3619 /* LaunchScreen.storyboard in Resources */,
				D142DC4325D5431C00025FA5 /* PhotoDetailViewCell.xib in Resources */,
				D147B9EA25D10298000F3619 /* Assets.xcassets in Resources */,
				D147B9E825D10291000F3619 /* Main.storyboard in Resources */,
				D12DCC3125D2B07A0008CAA8 /* PhotoCell.xib in Resources */,
				D12DCBF425D182020008CAA8 /* SearchListHeaderView.xib in Resources */,
			);
			runOnlyForDeploymentPostprocessing = 0;
		};
/* End PBXResourcesBuildPhase section */

/* Begin PBXSourcesBuildPhase section */
		D147B9D925D10291000F3619 /* Sources */ = {
			isa = PBXSourcesBuildPhase;
			buildActionMask = 2147483647;
			files = (
				D113C5DE25D740DF004DD491 /* UITabBarController.swift in Sources */,
				D10DF8A725D5BE34004EAADF /* InformationView.swift in Sources */,
				D127A1BE25D9B7B4008B65A5 /* ImageCacheManager.swift in Sources */,
				D12DCC2C25D28C700008CAA8 /* PhotoInfo.swift in Sources */,
				D142DC4225D5431C00025FA5 /* PhotoDetailViewCell.swift in Sources */,
				D12DCC2925D28C4C0008CAA8 /* Photo.swift in Sources */,
				D147B9F925D1092D000F3619 /* SearchViewController.swift in Sources */,
				D12DCBF125D181E80008CAA8 /* SearchListHeaderView.swift in Sources */,
				D12DCC2625D285E90008CAA8 /* NetworkManager.swift in Sources */,
				D147B9FC25D10993000F3619 /* PhotoListViewController.swift in Sources */,
				D12DCC4725D3DCC90008CAA8 /* PhotoDetailViewController.swift in Sources */,
				D12DCC3525D3053F0008CAA8 /* UIColor.swift in Sources */,
				D147B9E125D10291000F3619 /* AppDelegate.swift in Sources */,
				D12DCC3025D2B07A0008CAA8 /* PhotoCell.swift in Sources */,
			);
			runOnlyForDeploymentPostprocessing = 0;
		};
/* End PBXSourcesBuildPhase section */

/* Begin PBXVariantGroup section */
		D147B9E625D10291000F3619 /* Main.storyboard */ = {
			isa = PBXVariantGroup;
			children = (
				D147B9E725D10291000F3619 /* Base */,
			);
			name = Main.storyboard;
			sourceTree = "<group>";
		};
		D147B9EB25D10298000F3619 /* LaunchScreen.storyboard */ = {
			isa = PBXVariantGroup;
			children = (
				D147B9EC25D10298000F3619 /* Base */,
			);
			name = LaunchScreen.storyboard;
			sourceTree = "<group>";
		};
/* End PBXVariantGroup section */

/* Begin XCBuildConfiguration section */
		D147B9EF25D10298000F3619 /* Debug */ = {
			isa = XCBuildConfiguration;
			buildSettings = {
				ALWAYS_SEARCH_USER_PATHS = NO;
				CLANG_ANALYZER_NONNULL = YES;
				CLANG_ANALYZER_NUMBER_OBJECT_CONVERSION = YES_AGGRESSIVE;
				CLANG_CXX_LANGUAGE_STANDARD = "gnu++14";
				CLANG_CXX_LIBRARY = "libc++";
				CLANG_ENABLE_MODULES = YES;
				CLANG_ENABLE_OBJC_ARC = YES;
				CLANG_ENABLE_OBJC_WEAK = YES;
				CLANG_WARN_BLOCK_CAPTURE_AUTORELEASING = YES;
				CLANG_WARN_BOOL_CONVERSION = YES;
				CLANG_WARN_COMMA = YES;
				CLANG_WARN_CONSTANT_CONVERSION = YES;
				CLANG_WARN_DEPRECATED_OBJC_IMPLEMENTATIONS = YES;
				CLANG_WARN_DIRECT_OBJC_ISA_USAGE = YES_ERROR;
				CLANG_WARN_DOCUMENTATION_COMMENTS = YES;
				CLANG_WARN_EMPTY_BODY = YES;
				CLANG_WARN_ENUM_CONVERSION = YES;
				CLANG_WARN_INFINITE_RECURSION = YES;
				CLANG_WARN_INT_CONVERSION = YES;
				CLANG_WARN_NON_LITERAL_NULL_CONVERSION = YES;
				CLANG_WARN_OBJC_IMPLICIT_RETAIN_SELF = YES;
				CLANG_WARN_OBJC_LITERAL_CONVERSION = YES;
				CLANG_WARN_OBJC_ROOT_CLASS = YES_ERROR;
				CLANG_WARN_QUOTED_INCLUDE_IN_FRAMEWORK_HEADER = YES;
				CLANG_WARN_RANGE_LOOP_ANALYSIS = YES;
				CLANG_WARN_STRICT_PROTOTYPES = YES;
				CLANG_WARN_SUSPICIOUS_MOVE = YES;
				CLANG_WARN_UNGUARDED_AVAILABILITY = YES_AGGRESSIVE;
				CLANG_WARN_UNREACHABLE_CODE = YES;
				CLANG_WARN__DUPLICATE_METHOD_MATCH = YES;
				COPY_PHASE_STRIP = NO;
				DEBUG_INFORMATION_FORMAT = dwarf;
				ENABLE_STRICT_OBJC_MSGSEND = YES;
				ENABLE_TESTABILITY = YES;
				GCC_C_LANGUAGE_STANDARD = gnu11;
				GCC_DYNAMIC_NO_PIC = NO;
				GCC_NO_COMMON_BLOCKS = YES;
				GCC_OPTIMIZATION_LEVEL = 0;
				GCC_PREPROCESSOR_DEFINITIONS = (
					"DEBUG=1",
					"$(inherited)",
				);
				GCC_WARN_64_TO_32_BIT_CONVERSION = YES;
				GCC_WARN_ABOUT_RETURN_TYPE = YES_ERROR;
				GCC_WARN_UNDECLARED_SELECTOR = YES;
				GCC_WARN_UNINITIALIZED_AUTOS = YES_AGGRESSIVE;
				GCC_WARN_UNUSED_FUNCTION = YES;
				GCC_WARN_UNUSED_VARIABLE = YES;
				IPHONEOS_DEPLOYMENT_TARGET = 12.0;
				MTL_ENABLE_DEBUG_INFO = INCLUDE_SOURCE;
				MTL_FAST_MATH = YES;
				ONLY_ACTIVE_ARCH = YES;
				SDKROOT = iphoneos;
				SWIFT_ACTIVE_COMPILATION_CONDITIONS = DEBUG;
				SWIFT_OPTIMIZATION_LEVEL = "-Onone";
			};
			name = Debug;
		};
		D147B9F025D10298000F3619 /* Release */ = {
			isa = XCBuildConfiguration;
			buildSettings = {
				ALWAYS_SEARCH_USER_PATHS = NO;
				CLANG_ANALYZER_NONNULL = YES;
				CLANG_ANALYZER_NUMBER_OBJECT_CONVERSION = YES_AGGRESSIVE;
				CLANG_CXX_LANGUAGE_STANDARD = "gnu++14";
				CLANG_CXX_LIBRARY = "libc++";
				CLANG_ENABLE_MODULES = YES;
				CLANG_ENABLE_OBJC_ARC = YES;
				CLANG_ENABLE_OBJC_WEAK = YES;
				CLANG_WARN_BLOCK_CAPTURE_AUTORELEASING = YES;
				CLANG_WARN_BOOL_CONVERSION = YES;
				CLANG_WARN_COMMA = YES;
				CLANG_WARN_CONSTANT_CONVERSION = YES;
				CLANG_WARN_DEPRECATED_OBJC_IMPLEMENTATIONS = YES;
				CLANG_WARN_DIRECT_OBJC_ISA_USAGE = YES_ERROR;
				CLANG_WARN_DOCUMENTATION_COMMENTS = YES;
				CLANG_WARN_EMPTY_BODY = YES;
				CLANG_WARN_ENUM_CONVERSION = YES;
				CLANG_WARN_INFINITE_RECURSION = YES;
				CLANG_WARN_INT_CONVERSION = YES;
				CLANG_WARN_NON_LITERAL_NULL_CONVERSION = YES;
				CLANG_WARN_OBJC_IMPLICIT_RETAIN_SELF = YES;
				CLANG_WARN_OBJC_LITERAL_CONVERSION = YES;
				CLANG_WARN_OBJC_ROOT_CLASS = YES_ERROR;
				CLANG_WARN_QUOTED_INCLUDE_IN_FRAMEWORK_HEADER = YES;
				CLANG_WARN_RANGE_LOOP_ANALYSIS = YES;
				CLANG_WARN_STRICT_PROTOTYPES = YES;
				CLANG_WARN_SUSPICIOUS_MOVE = YES;
				CLANG_WARN_UNGUARDED_AVAILABILITY = YES_AGGRESSIVE;
				CLANG_WARN_UNREACHABLE_CODE = YES;
				CLANG_WARN__DUPLICATE_METHOD_MATCH = YES;
				COPY_PHASE_STRIP = NO;
				DEBUG_INFORMATION_FORMAT = "dwarf-with-dsym";
				ENABLE_NS_ASSERTIONS = NO;
				ENABLE_STRICT_OBJC_MSGSEND = YES;
				GCC_C_LANGUAGE_STANDARD = gnu11;
				GCC_NO_COMMON_BLOCKS = YES;
				GCC_WARN_64_TO_32_BIT_CONVERSION = YES;
				GCC_WARN_ABOUT_RETURN_TYPE = YES_ERROR;
				GCC_WARN_UNDECLARED_SELECTOR = YES;
				GCC_WARN_UNINITIALIZED_AUTOS = YES_AGGRESSIVE;
				GCC_WARN_UNUSED_FUNCTION = YES;
				GCC_WARN_UNUSED_VARIABLE = YES;
				IPHONEOS_DEPLOYMENT_TARGET = 12.0;
				MTL_ENABLE_DEBUG_INFO = NO;
				MTL_FAST_MATH = YES;
				SDKROOT = iphoneos;
				SWIFT_COMPILATION_MODE = wholemodule;
				SWIFT_OPTIMIZATION_LEVEL = "-O";
				VALIDATE_PRODUCT = YES;
			};
			name = Release;
		};
		D147B9F225D10298000F3619 /* Debug */ = {
			isa = XCBuildConfiguration;
			buildSettings = {
				ASSETCATALOG_COMPILER_APPICON_NAME = AppIcon;
				ASSETCATALOG_COMPILER_GLOBAL_ACCENT_COLOR_NAME = AccentColor;
				CODE_SIGN_STYLE = Automatic;
				DEVELOPMENT_TEAM = 6D8SYQ63KK;
				INFOPLIST_FILE = Unsplash/Info.plist;
				LD_RUNPATH_SEARCH_PATHS = (
					"$(inherited)",
					"@executable_path/Frameworks",
				);
				PRODUCT_BUNDLE_IDENTIFIER = com.tistory.lsh424.Unsplash;
				PRODUCT_NAME = "$(TARGET_NAME)";
				SWIFT_VERSION = 5.0;
				TARGETED_DEVICE_FAMILY = 1;
			};
			name = Debug;
		};
		D147B9F325D10298000F3619 /* Release */ = {
			isa = XCBuildConfiguration;
			buildSettings = {
				ASSETCATALOG_COMPILER_APPICON_NAME = AppIcon;
				ASSETCATALOG_COMPILER_GLOBAL_ACCENT_COLOR_NAME = AccentColor;
				CODE_SIGN_STYLE = Automatic;
				DEVELOPMENT_TEAM = 6D8SYQ63KK;
				INFOPLIST_FILE = Unsplash/Info.plist;
				LD_RUNPATH_SEARCH_PATHS = (
					"$(inherited)",
					"@executable_path/Frameworks",
				);
				PRODUCT_BUNDLE_IDENTIFIER = com.tistory.lsh424.Unsplash;
				PRODUCT_NAME = "$(TARGET_NAME)";
				SWIFT_VERSION = 5.0;
				TARGETED_DEVICE_FAMILY = 1;
			};
			name = Release;
		};
/* End XCBuildConfiguration section */

/* Begin XCConfigurationList section */
		D147B9D825D10291000F3619 /* Build configuration list for PBXProject "Unsplash" */ = {
			isa = XCConfigurationList;
			buildConfigurations = (
				D147B9EF25D10298000F3619 /* Debug */,
				D147B9F025D10298000F3619 /* Release */,
			);
			defaultConfigurationIsVisible = 0;
			defaultConfigurationName = Release;
		};
		D147B9F125D10298000F3619 /* Build configuration list for PBXNativeTarget "Unsplash" */ = {
			isa = XCConfigurationList;
			buildConfigurations = (
				D147B9F225D10298000F3619 /* Debug */,
				D147B9F325D10298000F3619 /* Release */,
			);
			defaultConfigurationIsVisible = 0;
			defaultConfigurationName = Release;
		};
/* End XCConfigurationList section */
	};
	rootObject = D147B9D525D10291000F3619 /* Project object */;
}
